
Microsoft Visual Studio Solution File, Format Version 12.00
# Visual Studio Version 16
VisualStudioVersion = 16.0.31229.75
MinimumVisualStudioVersion = 10.0.40219.1
Project("{FAE04EC0-301F-11D3-BF4B-00C04F79EFBC}") = "net45", "net45.csproj", "{80A63732-2F8B-4881-B44A-D50B6A4620EA}"
EndProject
Global
	GlobalSection(SolutionConfigurationPlatforms) = preSolution
		Debug|Any CPU = Debug|Any CPU
		Release|Any CPU = Release|Any CPU
	EndGlobalSection
	GlobalSection(ProjectConfigurationPlatforms) = postSolution
		{80A63732-2F8B-4881-B44A-D50B6A4620EA}.Debug|Any CPU.ActiveCfg = Debug|Any CPU
		{80A63732-2F8B-4881-B44A-D50B6A4620EA}.Debug|Any CPU.Build.0 = Debug|Any CPU
		{80A63732-2F8B-4881-B44A-D50B6A4620EA}.Release|Any CPU.ActiveCfg = Release|Any CPU
		{80A63732-2F8B-4881-B44A-D50B6A4620EA}.Release|Any CPU.Build.0 = Release|Any CPU
	EndGlobalSection
	GlobalSection(SolutionProperties) = preSolution
		HideSolutionNode = FALSE
	EndGlobalSection
	GlobalSection(ExtensibilityGlobals) = postSolution
		SolutionGuid = {76857D40-28D5-46A8-BFE6-512D5D9345DC}
	EndGlobalSection
EndGlobal
