
Microsoft Visual Studio Solution File, Format Version 12.00
# Visual Studio Version 16
VisualStudioVersion = 16.0.31229.75
MinimumVisualStudioVersion = 10.0.40219.1
Project("{FAE04EC0-301F-11D3-BF4B-00C04F79EFBC}") = "net5", "net5.csproj", "{564A424F-124B-4DCE-8704-AAB00C8F6FE0}"
EndProject
Global
	GlobalSection(SolutionConfigurationPlatforms) = preSolution
		Debug|Any CPU = Debug|Any CPU
		Release|Any CPU = Release|Any CPU
	EndGlobalSection
	GlobalSection(ProjectConfigurationPlatforms) = postSolution
		{564A424F-124B-4DCE-8704-AAB00C8F6FE0}.Debug|Any CPU.ActiveCfg = Debug|Any CPU
		{564A424F-124B-4DCE-8704-AAB00C8F6FE0}.Debug|Any CPU.Build.0 = Debug|Any CPU
		{564A424F-124B-4DCE-8704-AAB00C8F6FE0}.Release|Any CPU.ActiveCfg = Release|Any CPU
		{564A424F-124B-4DCE-8704-AAB00C8F6FE0}.Release|Any CPU.Build.0 = Release|Any CPU
	EndGlobalSection
	GlobalSection(SolutionProperties) = preSolution
		HideSolutionNode = FALSE
	EndGlobalSection
	GlobalSection(ExtensibilityGlobals) = postSolution
		SolutionGuid = {5306722B-FBE5-4C8E-A400-1110A71EEBAB}
	EndGlobalSection
EndGlobal
